
Microsoft Visual Studio Solution File, Format Version 12.00
# Visual Studio Version 16
VisualStudioVersion = 16.0.28902.138
MinimumVisualStudioVersion = 10.0.40219.1
Project("{8BC9CEB8-8B4A-11D0-8D11-00A0C91BC942}") = "CSGOHack", "CSGOHack\CSGOHack.vcxproj", "{4D9DDD2A-3270-4488-81F7-24EF52693ADB}"
EndProject
Global
	GlobalSection(SolutionConfigurationPlatforms) = preSolution
		Debug|x64 = Debug|x64
		Debug|x86 = Debug|x86
		Release|x64 = Release|x64
		Release|x86 = Release|x86
	EndGlobalSection
	GlobalSection(ProjectConfigurationPlatforms) = postSolution
		{4D9DDD2A-3270-4488-81F7-24EF52693ADB}.Debug|x64.ActiveCfg = Debug|x64
		{4D9DDD2A-3270-4488-81F7-24EF52693ADB}.Debug|x64.Build.0 = Debug|x64
		{4D9DDD2A-3270-4488-81F7-24EF52693ADB}.Debug|x86.ActiveCfg = Debug|Win32
		{4D9DDD2A-3270-4488-81F7-24EF52693ADB}.Debug|x86.Build.0 = Debug|Win32
		{4D9DDD2A-3270-4488-81F7-24EF52693ADB}.Release|x64.ActiveCfg = Release|x64
		{4D9DDD2A-3270-4488-81F7-24EF52693ADB}.Release|x64.Build.0 = Release|x64
		{4D9DDD2A-3270-4488-81F7-24EF52693ADB}.Release|x86.ActiveCfg = Release|Win32
		{4D9DDD2A-3270-4488-81F7-24EF52693ADB}.Release|x86.Build.0 = Release|Win32
	EndGlobalSection
	GlobalSection(SolutionProperties) = preSolution
		HideSolutionNode = FALSE
	EndGlobalSection
	GlobalSection(ExtensibilityGlobals) = postSolution
		SolutionGuid = {2F34CC13-51A5-41E1-B68F-3FA8FB9A53DD}
	EndGlobalSection
EndGlobal
