<?xml version="1.0" encoding="utf-8"?>
<Project ToolsVersion="4.0" xmlns="http://schemas.microsoft.com/developer/msbuild/2003">
  <ItemGroup>
    <Filter Include="Source Files">
      <UniqueIdentifier>{4FC737F1-C7A5-4376-A066-2A32D752A2FF}</UniqueIdentifier>
      <Extensions>cpp;c;cc;cxx;def;odl;idl;hpj;bat;asm;asmx</Extensions>
    </Filter>
    <Filter Include="Header Files">
      <UniqueIdentifier>{93995380-89BD-4b04-88EB-625FBE52EBFB}</UniqueIdentifier>
      <Extensions>h;hh;hpp;hxx;hm;inl;inc;ipp;xsd</Extensions>
    </Filter>
    <Filter Include="Resource Files">
      <UniqueIdentifier>{67DA6AB6-F800-4c08-8B7A-83BB121AAD01}</UniqueIdentifier>
      <Extensions>rc;ico;cur;bmp;dlg;rc2;rct;bin;rgs;gif;jpg;jpeg;jpe;resx;tiff;tif;png;wav;mfcribbon-ms</Extensions>
    </Filter>
  </ItemGroup>
  <ItemGroup>
    <ClCompile Include="App.cpp">
      <Filter>Source Files</Filter>
    </ClCompile>
    <ClCompile Include="Process\Process.cpp">
      <Filter>Source Files</Filter>
    </ClCompile>
    <ClCompile Include="Util\Logger.cpp">
      <Filter>Source Files</Filter>
    </ClCompile>
    <ClCompile Include="Game\GameData.cpp">
      <Filter>Source Files</Filter>
    </ClCompile>
    <ClCompile Include="Util\StringManipulation.cpp">
      <Filter>Source Files</Filter>
    </ClCompile>
    <ClCompile Include="DirectX\AdapterReader.cpp">
      <Filter>Source Files</Filter>
    </ClCompile>
    <ClCompile Include="DirectX\Graphics.cpp">
      <Filter>Source Files</Filter>
    </ClCompile>
    <ClCompile Include="DirectX\Shaders.cpp">
      <Filter>Source Files</Filter>
    </ClCompile>
    <ClCompile Include="Function\TriggerBot.cpp">
      <Filter>Source Files</Filter>
    </ClCompile>
    <ClCompile Include="Manager\Manager.cpp">
      <Filter>Source Files</Filter>
    </ClCompile>
    <ClCompile Include="HUD\HUD.cpp">
      <Filter>Source Files</Filter>
    </ClCompile>
    <ClCompile Include="Function\ESP.cpp">
      <Filter>Source Files</Filter>
    </ClCompile>
    <ClCompile Include="Function\RadarHack.cpp">
      <Filter>Source Files</Filter>
    </ClCompile>
    <ClCompile Include="dllmain.cpp">
      <Filter>Source Files</Filter>
    </ClCompile>
  </ItemGroup>
  <ItemGroup>
    <ClInclude Include="Util\ConsoleColor.h">
      <Filter>Header Files</Filter>
    </ClInclude>
    <ClInclude Include="Util\Logger.h">
      <Filter>Header Files</Filter>
    </ClInclude>
    <ClInclude Include="Util\StringManipulation.h">
      <Filter>Header Files</Filter>
    </ClInclude>
    <ClInclude Include="Game\GameDef.h">
      <Filter>Header Files</Filter>
    </ClInclude>
    <ClInclude Include="Game\GameStruct.h">
      <Filter>Header Files</Filter>
    </ClInclude>
    <ClInclude Include="Game\GameData.h">
      <Filter>Header Files</Filter>
    </ClInclude>
    <ClInclude Include="Manager\Manager.h">
      <Filter>Header Files</Filter>
    </ClInclude>
    <ClInclude Include="Process\Process.h">
      <Filter>Header Files</Filter>
    </ClInclude>
    <ClInclude Include="Memory\Memory.h">
      <Filter>Header Files</Filter>
    </ClInclude>
    <ClInclude Include="DirectX\AdapterReader.h">
      <Filter>Header Files</Filter>
    </ClInclude>
    <ClInclude Include="DirectX\Graphics.h">
      <Filter>Header Files</Filter>
    </ClInclude>
    <ClInclude Include="DirectX\Shaders.h">
      <Filter>Header Files</Filter>
    </ClInclude>
    <ClInclude Include="DirectX\Vertex.h">
      <Filter>Header Files</Filter>
    </ClInclude>
    <ClInclude Include="HUD\HUD.h">
      <Filter>Header Files</Filter>
    </ClInclude>
    <ClInclude Include="Function\ESP.h">
      <Filter>Header Files</Filter>
    </ClInclude>
    <ClInclude Include="Function\RadarHack.h">
      <Filter>Header Files</Filter>
    </ClInclude>
    <ClInclude Include="Function\TriggerBot.h">
      <Filter>Header Files</Filter>
    </ClInclude>
    <ClInclude Include="dllmain.h">
      <Filter>Header Files</Filter>
    </ClInclude>
    <ClInclude Include="FontWrapper.h">
      <Filter>Header Files</Filter>
    </ClInclude>
  </ItemGroup>
</Project>